
Microsoft Visual Studio Solution File, Format Version 11.00
# Visual Studio 2010
Project("{FAE04EC0-301F-11D3-BF4B-00C04F79EFBC}") = "Tanques3D", "Assembly-CSharp.csproj", "{2FE82D8A-E394-BF50-4E28-E03B1789872F}"
EndProject
Project("{FAE04EC0-301F-11D3-BF4B-00C04F79EFBC}") = "Tanques3D", "Assembly-CSharp-Editor.csproj", "{C7EC3D42-CC18-71C7-8289-8A6E11B7B742}"
EndProject
Global
	GlobalSection(SolutionConfigurationPlatforms) = preSolution
		Debug|Any CPU = Debug|Any CPU
		Release|Any CPU = Release|Any CPU
	EndGlobalSection
	GlobalSection(ProjectConfigurationPlatforms) = postSolution
		{2FE82D8A-E394-BF50-4E28-E03B1789872F}.Debug|Any CPU.ActiveCfg = Debug|Any CPU
		{2FE82D8A-E394-BF50-4E28-E03B1789872F}.Debug|Any CPU.Build.0 = Debug|Any CPU
		{2FE82D8A-E394-BF50-4E28-E03B1789872F}.Release|Any CPU.ActiveCfg = Release|Any CPU
		{2FE82D8A-E394-BF50-4E28-E03B1789872F}.Release|Any CPU.Build.0 = Release|Any CPU
		{C7EC3D42-CC18-71C7-8289-8A6E11B7B742}.Debug|Any CPU.ActiveCfg = Debug|Any CPU
		{C7EC3D42-CC18-71C7-8289-8A6E11B7B742}.Debug|Any CPU.Build.0 = Debug|Any CPU
		{C7EC3D42-CC18-71C7-8289-8A6E11B7B742}.Release|Any CPU.ActiveCfg = Release|Any CPU
		{C7EC3D42-CC18-71C7-8289-8A6E11B7B742}.Release|Any CPU.Build.0 = Release|Any CPU
	EndGlobalSection
	GlobalSection(SolutionProperties) = preSolution
		HideSolutionNode = FALSE
	EndGlobalSection
	GlobalSection(MonoDevelopProperties) = preSolution
		StartupItem = Assembly-CSharp.csproj
	EndGlobalSection
EndGlobal
